
Microsoft Visual Studio Solution File, Format Version 12.00
# Visual Studio Version 17
VisualStudioVersion = 17.5.33530.505
MinimumVisualStudioVersion = 10.0.40219.1
Project("{FAE04EC0-301F-11D3-BF4B-00C04F79EFBC}") = "TypesAndVariables", "TypesAndVariables\TypesAndVariables.csproj", "{4ECEDC26-59FE-4C4E-8BAC-2B5413B4C6D3}"
EndProject
Project("{FAE04EC0-301F-11D3-BF4B-00C04F79EFBC}") = "Conditionals", "Conditionals\Conditionals.csproj", "{4C95C5F2-E729-4379-BD1B-0D2329BC3317}"
EndProject
Project("{FAE04EC0-301F-11D3-BF4B-00C04F79EFBC}") = "Methods", "Methods\Methods.csproj", "{7947A36B-34AB-4CB7-8CFF-83453ECCB224}"
EndProject
Project("{FAE04EC0-301F-11D3-BF4B-00C04F79EFBC}") = "Arrays", "Arrays\Arrays.csproj", "{BE68238F-6009-41F8-997F-6FCCCFB6F5D2}"
EndProject
Project("{FAE04EC0-301F-11D3-BF4B-00C04F79EFBC}") = "Loops", "Loops\Loops.csproj", "{7118ABD2-E4DF-41D1-8866-F4EDAE88A7D1}"
EndProject
Project("{FAE04EC0-301F-11D3-BF4B-00C04F79EFBC}") = "Strings", "Strings\Strings.csproj", "{0DA7A7A4-0914-4495-B1B2-EF9D770BBAB1}"
EndProject
Project("{FAE04EC0-301F-11D3-BF4B-00C04F79EFBC}") = "Classes", "Classes\Classes.csproj", "{FAD63370-91B1-4760-84E7-637BD9BB6F88}"
EndProject
Project("{FAE04EC0-301F-11D3-BF4B-00C04F79EFBC}") = "RecapDemo1", "RecapDemo1\RecapDemo1.csproj", "{D73EB752-903E-4922-96CB-19F64B6CBB5E}"
EndProject
Project("{FAE04EC0-301F-11D3-BF4B-00C04F79EFBC}") = "Interfaces", "Interfaces\Interfaces.csproj", "{057FF734-0062-42D9-806D-2BE309CC6BBF}"
EndProject
Project("{FAE04EC0-301F-11D3-BF4B-00C04F79EFBC}") = "InterfacesDemo", "InterfacesDemo\InterfacesDemo.csproj", "{78D783AD-287E-4546-A37D-4DAD0D675729}"
EndProject
Project("{FAE04EC0-301F-11D3-BF4B-00C04F79EFBC}") = "Inheritance", "Inheritance\Inheritance.csproj", "{5BC5B7CA-5D8A-4B5D-8ECF-4ED80540DCE3}"
EndProject
Project("{FAE04EC0-301F-11D3-BF4B-00C04F79EFBC}") = "VirtualMethods", "VirtualMethods\VirtualMethods.csproj", "{57F4A171-9BE3-4E4E-B8D0-7D0D5CB737F4}"
EndProject
Project("{FAE04EC0-301F-11D3-BF4B-00C04F79EFBC}") = "AbstractClasses", "AbstractClasses\AbstractClasses.csproj", "{725B735E-6278-4442-A996-818A66A48B5C}"
EndProject
Project("{FAE04EC0-301F-11D3-BF4B-00C04F79EFBC}") = "RecapDemo2", "RecapDemo2\RecapDemo2.csproj", "{CF86A8B0-901D-4C5B-AEFA-69437DB71B14}"
EndProject
Project("{FAE04EC0-301F-11D3-BF4B-00C04F79EFBC}") = "AccessModifiers", "AccessModifiers\AccessModifiers.csproj", "{D882DEE1-CA16-4E51-BFBA-B17668456F07}"
EndProject
Project("{FAE04EC0-301F-11D3-BF4B-00C04F79EFBC}") = "AccessModifiersDemo", "AccessModifiersDemo\AccessModifiersDemo.csproj", "{79AE789A-652E-4420-8BF7-AEA5B2639781}"
EndProject
Project("{FAE04EC0-301F-11D3-BF4B-00C04F79EFBC}") = "Constructors", "Constructors\Constructors.csproj", "{C02C2F1E-172F-44D3-9B55-399A12823DCA}"
EndProject
Project("{FAE04EC0-301F-11D3-BF4B-00C04F79EFBC}") = "ReferenceAndValueType", "ReferenceAndValueType\ReferenceAndValueType.csproj", "{A08BE405-576F-42AA-8122-A0CD279F23AD}"
EndProject
Project("{FAE04EC0-301F-11D3-BF4B-00C04F79EFBC}") = "Collections", "Collections\Collections.csproj", "{B150C630-8196-4D70-BC45-69F81DA055D9}"
EndProject
Project("{FAE04EC0-301F-11D3-BF4B-00C04F79EFBC}") = "Exceptions", "Exceptions\Exceptions.csproj", "{0A075C89-BB01-4B78-8775-F15A83A8B5C5}"
EndProject
Project("{FAE04EC0-301F-11D3-BF4B-00C04F79EFBC}") = "AdoNetDemo", "AdoNetDemo\AdoNetDemo.csproj", "{5DA59AD1-C633-4B79-A8A1-7222A09DBF54}"
EndProject
Project("{FAE04EC0-301F-11D3-BF4B-00C04F79EFBC}") = "EntityFrameworkDemo", "EntityFrameworkDemo\EntityFrameworkDemo.csproj", "{1B2E8C05-1310-40DB-9038-DC588520397F}"
EndProject
Project("{FAE04EC0-301F-11D3-BF4B-00C04F79EFBC}") = "Generics", "Generics\Generics.csproj", "{97D41C6A-D6B9-4C4D-835F-A176A81C77A3}"
EndProject
Project("{FAE04EC0-301F-11D3-BF4B-00C04F79EFBC}") = "Attributes", "Attributes\Attributes.csproj", "{887BC5EB-B99D-4FE3-90CC-3F3BECDB945E}"
EndProject
Project("{FAE04EC0-301F-11D3-BF4B-00C04F79EFBC}") = "Reflection", "Reflection\Reflection.csproj", "{675BFEBA-6C60-48DD-8EE0-B3D19C7D2323}"
EndProject
Project("{FAE04EC0-301F-11D3-BF4B-00C04F79EFBC}") = "Delegates", "Delegates\Delegates.csproj", "{EA7AEAF7-1AF7-4B66-9E2F-EE4E2082E6EB}"
EndProject
Project("{FAE04EC0-301F-11D3-BF4B-00C04F79EFBC}") = "Events", "Events\Events.csproj", "{454560EA-0CD5-4F5D-95A1-95F5F37C4E0E}"
EndProject
Global
	GlobalSection(SolutionConfigurationPlatforms) = preSolution
		Debug|Any CPU = Debug|Any CPU
		Release|Any CPU = Release|Any CPU
	EndGlobalSection
	GlobalSection(ProjectConfigurationPlatforms) = postSolution
		{4ECEDC26-59FE-4C4E-8BAC-2B5413B4C6D3}.Debug|Any CPU.ActiveCfg = Debug|Any CPU
		{4ECEDC26-59FE-4C4E-8BAC-2B5413B4C6D3}.Debug|Any CPU.Build.0 = Debug|Any CPU
		{4ECEDC26-59FE-4C4E-8BAC-2B5413B4C6D3}.Release|Any CPU.ActiveCfg = Release|Any CPU
		{4ECEDC26-59FE-4C4E-8BAC-2B5413B4C6D3}.Release|Any CPU.Build.0 = Release|Any CPU
		{4C95C5F2-E729-4379-BD1B-0D2329BC3317}.Debug|Any CPU.ActiveCfg = Debug|Any CPU
		{4C95C5F2-E729-4379-BD1B-0D2329BC3317}.Debug|Any CPU.Build.0 = Debug|Any CPU
		{4C95C5F2-E729-4379-BD1B-0D2329BC3317}.Release|Any CPU.ActiveCfg = Release|Any CPU
		{4C95C5F2-E729-4379-BD1B-0D2329BC3317}.Release|Any CPU.Build.0 = Release|Any CPU
		{7947A36B-34AB-4CB7-8CFF-83453ECCB224}.Debug|Any CPU.ActiveCfg = Debug|Any CPU
		{7947A36B-34AB-4CB7-8CFF-83453ECCB224}.Debug|Any CPU.Build.0 = Debug|Any CPU
		{7947A36B-34AB-4CB7-8CFF-83453ECCB224}.Release|Any CPU.ActiveCfg = Release|Any CPU
		{7947A36B-34AB-4CB7-8CFF-83453ECCB224}.Release|Any CPU.Build.0 = Release|Any CPU
		{BE68238F-6009-41F8-997F-6FCCCFB6F5D2}.Debug|Any CPU.ActiveCfg = Debug|Any CPU
		{BE68238F-6009-41F8-997F-6FCCCFB6F5D2}.Debug|Any CPU.Build.0 = Debug|Any CPU
		{BE68238F-6009-41F8-997F-6FCCCFB6F5D2}.Release|Any CPU.ActiveCfg = Release|Any CPU
		{BE68238F-6009-41F8-997F-6FCCCFB6F5D2}.Release|Any CPU.Build.0 = Release|Any CPU
		{7118ABD2-E4DF-41D1-8866-F4EDAE88A7D1}.Debug|Any CPU.ActiveCfg = Debug|Any CPU
		{7118ABD2-E4DF-41D1-8866-F4EDAE88A7D1}.Debug|Any CPU.Build.0 = Debug|Any CPU
		{7118ABD2-E4DF-41D1-8866-F4EDAE88A7D1}.Release|Any CPU.ActiveCfg = Release|Any CPU
		{7118ABD2-E4DF-41D1-8866-F4EDAE88A7D1}.Release|Any CPU.Build.0 = Release|Any CPU
		{0DA7A7A4-0914-4495-B1B2-EF9D770BBAB1}.Debug|Any CPU.ActiveCfg = Debug|Any CPU
		{0DA7A7A4-0914-4495-B1B2-EF9D770BBAB1}.Debug|Any CPU.Build.0 = Debug|Any CPU
		{0DA7A7A4-0914-4495-B1B2-EF9D770BBAB1}.Release|Any CPU.ActiveCfg = Release|Any CPU
		{0DA7A7A4-0914-4495-B1B2-EF9D770BBAB1}.Release|Any CPU.Build.0 = Release|Any CPU
		{FAD63370-91B1-4760-84E7-637BD9BB6F88}.Debug|Any CPU.ActiveCfg = Debug|Any CPU
		{FAD63370-91B1-4760-84E7-637BD9BB6F88}.Debug|Any CPU.Build.0 = Debug|Any CPU
		{FAD63370-91B1-4760-84E7-637BD9BB6F88}.Release|Any CPU.ActiveCfg = Release|Any CPU
		{FAD63370-91B1-4760-84E7-637BD9BB6F88}.Release|Any CPU.Build.0 = Release|Any CPU
		{D73EB752-903E-4922-96CB-19F64B6CBB5E}.Debug|Any CPU.ActiveCfg = Debug|Any CPU
		{D73EB752-903E-4922-96CB-19F64B6CBB5E}.Debug|Any CPU.Build.0 = Debug|Any CPU
		{D73EB752-903E-4922-96CB-19F64B6CBB5E}.Release|Any CPU.ActiveCfg = Release|Any CPU
		{D73EB752-903E-4922-96CB-19F64B6CBB5E}.Release|Any CPU.Build.0 = Release|Any CPU
		{057FF734-0062-42D9-806D-2BE309CC6BBF}.Debug|Any CPU.ActiveCfg = Debug|Any CPU
		{057FF734-0062-42D9-806D-2BE309CC6BBF}.Debug|Any CPU.Build.0 = Debug|Any CPU
		{057FF734-0062-42D9-806D-2BE309CC6BBF}.Release|Any CPU.ActiveCfg = Release|Any CPU
		{057FF734-0062-42D9-806D-2BE309CC6BBF}.Release|Any CPU.Build.0 = Release|Any CPU
		{78D783AD-287E-4546-A37D-4DAD0D675729}.Debug|Any CPU.ActiveCfg = Debug|Any CPU
		{78D783AD-287E-4546-A37D-4DAD0D675729}.Debug|Any CPU.Build.0 = Debug|Any CPU
		{78D783AD-287E-4546-A37D-4DAD0D675729}.Release|Any CPU.ActiveCfg = Release|Any CPU
		{78D783AD-287E-4546-A37D-4DAD0D675729}.Release|Any CPU.Build.0 = Release|Any CPU
		{5BC5B7CA-5D8A-4B5D-8ECF-4ED80540DCE3}.Debug|Any CPU.ActiveCfg = Debug|Any CPU
		{5BC5B7CA-5D8A-4B5D-8ECF-4ED80540DCE3}.Debug|Any CPU.Build.0 = Debug|Any CPU
		{5BC5B7CA-5D8A-4B5D-8ECF-4ED80540DCE3}.Release|Any CPU.ActiveCfg = Release|Any CPU
		{5BC5B7CA-5D8A-4B5D-8ECF-4ED80540DCE3}.Release|Any CPU.Build.0 = Release|Any CPU
		{57F4A171-9BE3-4E4E-B8D0-7D0D5CB737F4}.Debug|Any CPU.ActiveCfg = Debug|Any CPU
		{57F4A171-9BE3-4E4E-B8D0-7D0D5CB737F4}.Debug|Any CPU.Build.0 = Debug|Any CPU
		{57F4A171-9BE3-4E4E-B8D0-7D0D5CB737F4}.Release|Any CPU.ActiveCfg = Release|Any CPU
		{57F4A171-9BE3-4E4E-B8D0-7D0D5CB737F4}.Release|Any CPU.Build.0 = Release|Any CPU
		{725B735E-6278-4442-A996-818A66A48B5C}.Debug|Any CPU.ActiveCfg = Debug|Any CPU
		{725B735E-6278-4442-A996-818A66A48B5C}.Debug|Any CPU.Build.0 = Debug|Any CPU
		{725B735E-6278-4442-A996-818A66A48B5C}.Release|Any CPU.ActiveCfg = Release|Any CPU
		{725B735E-6278-4442-A996-818A66A48B5C}.Release|Any CPU.Build.0 = Release|Any CPU
		{CF86A8B0-901D-4C5B-AEFA-69437DB71B14}.Debug|Any CPU.ActiveCfg = Debug|Any CPU
		{CF86A8B0-901D-4C5B-AEFA-69437DB71B14}.Debug|Any CPU.Build.0 = Debug|Any CPU
		{CF86A8B0-901D-4C5B-AEFA-69437DB71B14}.Release|Any CPU.ActiveCfg = Release|Any CPU
		{CF86A8B0-901D-4C5B-AEFA-69437DB71B14}.Release|Any CPU.Build.0 = Release|Any CPU
		{D882DEE1-CA16-4E51-BFBA-B17668456F07}.Debug|Any CPU.ActiveCfg = Debug|Any CPU
		{D882DEE1-CA16-4E51-BFBA-B17668456F07}.Debug|Any CPU.Build.0 = Debug|Any CPU
		{D882DEE1-CA16-4E51-BFBA-B17668456F07}.Release|Any CPU.ActiveCfg = Release|Any CPU
		{D882DEE1-CA16-4E51-BFBA-B17668456F07}.Release|Any CPU.Build.0 = Release|Any CPU
		{79AE789A-652E-4420-8BF7-AEA5B2639781}.Debug|Any CPU.ActiveCfg = Debug|Any CPU
		{79AE789A-652E-4420-8BF7-AEA5B2639781}.Debug|Any CPU.Build.0 = Debug|Any CPU
		{79AE789A-652E-4420-8BF7-AEA5B2639781}.Release|Any CPU.ActiveCfg = Release|Any CPU
		{79AE789A-652E-4420-8BF7-AEA5B2639781}.Release|Any CPU.Build.0 = Release|Any CPU
		{C02C2F1E-172F-44D3-9B55-399A12823DCA}.Debug|Any CPU.ActiveCfg = Debug|Any CPU
		{C02C2F1E-172F-44D3-9B55-399A12823DCA}.Debug|Any CPU.Build.0 = Debug|Any CPU
		{C02C2F1E-172F-44D3-9B55-399A12823DCA}.Release|Any CPU.ActiveCfg = Release|Any CPU
		{C02C2F1E-172F-44D3-9B55-399A12823DCA}.Release|Any CPU.Build.0 = Release|Any CPU
		{A08BE405-576F-42AA-8122-A0CD279F23AD}.Debug|Any CPU.ActiveCfg = Debug|Any CPU
		{A08BE405-576F-42AA-8122-A0CD279F23AD}.Debug|Any CPU.Build.0 = Debug|Any CPU
		{A08BE405-576F-42AA-8122-A0CD279F23AD}.Release|Any CPU.ActiveCfg = Release|Any CPU
		{A08BE405-576F-42AA-8122-A0CD279F23AD}.Release|Any CPU.Build.0 = Release|Any CPU
		{B150C630-8196-4D70-BC45-69F81DA055D9}.Debug|Any CPU.ActiveCfg = Debug|Any CPU
		{B150C630-8196-4D70-BC45-69F81DA055D9}.Debug|Any CPU.Build.0 = Debug|Any CPU
		{B150C630-8196-4D70-BC45-69F81DA055D9}.Release|Any CPU.ActiveCfg = Release|Any CPU
		{B150C630-8196-4D70-BC45-69F81DA055D9}.Release|Any CPU.Build.0 = Release|Any CPU
		{0A075C89-BB01-4B78-8775-F15A83A8B5C5}.Debug|Any CPU.ActiveCfg = Debug|Any CPU
		{0A075C89-BB01-4B78-8775-F15A83A8B5C5}.Debug|Any CPU.Build.0 = Debug|Any CPU
		{0A075C89-BB01-4B78-8775-F15A83A8B5C5}.Release|Any CPU.ActiveCfg = Release|Any CPU
		{0A075C89-BB01-4B78-8775-F15A83A8B5C5}.Release|Any CPU.Build.0 = Release|Any CPU
		{5DA59AD1-C633-4B79-A8A1-7222A09DBF54}.Debug|Any CPU.ActiveCfg = Debug|Any CPU
		{5DA59AD1-C633-4B79-A8A1-7222A09DBF54}.Debug|Any CPU.Build.0 = Debug|Any CPU
		{5DA59AD1-C633-4B79-A8A1-7222A09DBF54}.Release|Any CPU.ActiveCfg = Release|Any CPU
		{5DA59AD1-C633-4B79-A8A1-7222A09DBF54}.Release|Any CPU.Build.0 = Release|Any CPU
		{1B2E8C05-1310-40DB-9038-DC588520397F}.Debug|Any CPU.ActiveCfg = Debug|Any CPU
		{1B2E8C05-1310-40DB-9038-DC588520397F}.Debug|Any CPU.Build.0 = Debug|Any CPU
		{1B2E8C05-1310-40DB-9038-DC588520397F}.Release|Any CPU.ActiveCfg = Release|Any CPU
		{1B2E8C05-1310-40DB-9038-DC588520397F}.Release|Any CPU.Build.0 = Release|Any CPU
		{97D41C6A-D6B9-4C4D-835F-A176A81C77A3}.Debug|Any CPU.ActiveCfg = Debug|Any CPU
		{97D41C6A-D6B9-4C4D-835F-A176A81C77A3}.Debug|Any CPU.Build.0 = Debug|Any CPU
		{97D41C6A-D6B9-4C4D-835F-A176A81C77A3}.Release|Any CPU.ActiveCfg = Release|Any CPU
		{97D41C6A-D6B9-4C4D-835F-A176A81C77A3}.Release|Any CPU.Build.0 = Release|Any CPU
		{887BC5EB-B99D-4FE3-90CC-3F3BECDB945E}.Debug|Any CPU.ActiveCfg = Debug|Any CPU
		{887BC5EB-B99D-4FE3-90CC-3F3BECDB945E}.Debug|Any CPU.Build.0 = Debug|Any CPU
		{887BC5EB-B99D-4FE3-90CC-3F3BECDB945E}.Release|Any CPU.ActiveCfg = Release|Any CPU
		{887BC5EB-B99D-4FE3-90CC-3F3BECDB945E}.Release|Any CPU.Build.0 = Release|Any CPU
		{675BFEBA-6C60-48DD-8EE0-B3D19C7D2323}.Debug|Any CPU.ActiveCfg = Debug|Any CPU
		{675BFEBA-6C60-48DD-8EE0-B3D19C7D2323}.Debug|Any CPU.Build.0 = Debug|Any CPU
		{675BFEBA-6C60-48DD-8EE0-B3D19C7D2323}.Release|Any CPU.ActiveCfg = Release|Any CPU
		{675BFEBA-6C60-48DD-8EE0-B3D19C7D2323}.Release|Any CPU.Build.0 = Release|Any CPU
		{EA7AEAF7-1AF7-4B66-9E2F-EE4E2082E6EB}.Debug|Any CPU.ActiveCfg = Debug|Any CPU
		{EA7AEAF7-1AF7-4B66-9E2F-EE4E2082E6EB}.Debug|Any CPU.Build.0 = Debug|Any CPU
		{EA7AEAF7-1AF7-4B66-9E2F-EE4E2082E6EB}.Release|Any CPU.ActiveCfg = Release|Any CPU
		{EA7AEAF7-1AF7-4B66-9E2F-EE4E2082E6EB}.Release|Any CPU.Build.0 = Release|Any CPU
		{454560EA-0CD5-4F5D-95A1-95F5F37C4E0E}.Debug|Any CPU.ActiveCfg = Debug|Any CPU
		{454560EA-0CD5-4F5D-95A1-95F5F37C4E0E}.Debug|Any CPU.Build.0 = Debug|Any CPU
		{454560EA-0CD5-4F5D-95A1-95F5F37C4E0E}.Release|Any CPU.ActiveCfg = Release|Any CPU
		{454560EA-0CD5-4F5D-95A1-95F5F37C4E0E}.Release|Any CPU.Build.0 = Release|Any CPU
	EndGlobalSection
	GlobalSection(SolutionProperties) = preSolution
		HideSolutionNode = FALSE
	EndGlobalSection
	GlobalSection(ExtensibilityGlobals) = postSolution
		SolutionGuid = {FC39C550-31BB-45ED-9268-9173CD91CD1A}
	EndGlobalSection
EndGlobal
